
Microsoft Visual Studio Solution File, Format Version 12.00
# Visual Studio 2012
Project("{FAE04EC0-301F-11D3-BF4B-00C04F79EFBC}") = "Projekt.NET", "Projekt.NET\Projekt.NET.csproj", "{6F44F420-6594-41C2-A463-EE7AAC02E286}"
EndProject
Global
	GlobalSection(SolutionConfigurationPlatforms) = preSolution
		Debug|Any CPU = Debug|Any CPU
		Release|Any CPU = Release|Any CPU
	EndGlobalSection
	GlobalSection(ProjectConfigurationPlatforms) = postSolution
		{6F44F420-6594-41C2-A463-EE7AAC02E286}.Debug|Any CPU.ActiveCfg = Debug|Any CPU
		{6F44F420-6594-41C2-A463-EE7AAC02E286}.Debug|Any CPU.Build.0 = Debug|Any CPU
		{6F44F420-6594-41C2-A463-EE7AAC02E286}.Release|Any CPU.ActiveCfg = Release|Any CPU
		{6F44F420-6594-41C2-A463-EE7AAC02E286}.Release|Any CPU.Build.0 = Release|Any CPU
	EndGlobalSection
	GlobalSection(SolutionProperties) = preSolution
		HideSolutionNode = FALSE
	EndGlobalSection
EndGlobal
